// !$*UTF8*$!
{
	archiveVersion = 1;
	classes = {
	};
	objectVersion = 46;
	objects = {

/* Begin PBXFileReference section */
		68B694397B75116B37FB172F /* UserDefaults.swift */ = {isa = PBXFileReference; fileEncoding = 4; lastKnownFileType = sourcecode.swift; path = UserDefaults.swift; sourceTree = "<group>"; };
		A3760CF121A03C90002084D4 /* RichHarvest.Core.Core.podspec */ = {isa = PBXFileReference; lastKnownFileType = text; path = RichHarvest.Core.Core.podspec; sourceTree = "<group>"; };
		A3760CF321A27491002084D4 /* AppState.swift */ = {isa = PBXFileReference; lastKnownFileType = sourcecode.swift; path = AppState.swift; sourceTree = "<group>"; };
		A3760CF421A27491002084D4 /* AppConfig.swift */ = {isa = PBXFileReference; lastKnownFileType = sourcecode.swift; path = AppConfig.swift; sourceTree = "<group>"; };
		A3760CF621A27491002084D4 /* Errors.swift */ = {isa = PBXFileReference; lastKnownFileType = sourcecode.swift; path = Errors.swift; sourceTree = "<group>"; };
		A3760CF821A27491002084D4 /* CollectionsSumming.swift */ = {isa = PBXFileReference; lastKnownFileType = sourcecode.swift; path = CollectionsSumming.swift; sourceTree = "<group>"; };
		A3760CF921A27491002084D4 /* CollectionsMapping.swift */ = {isa = PBXFileReference; lastKnownFileType = sourcecode.swift; path = CollectionsMapping.swift; sourceTree = "<group>"; };
		A3760CFB21A27491002084D4 /* Log.swift */ = {isa = PBXFileReference; lastKnownFileType = sourcecode.swift; path = Log.swift; sourceTree = "<group>"; };
		A3760CFE21A27491002084D4 /* Nullability.swift */ = {isa = PBXFileReference; lastKnownFileType = sourcecode.swift; path = Nullability.swift; sourceTree = "<group>"; };
		A3760CFF21A27491002084D4 /* String+Extensions.swift */ = {isa = PBXFileReference; lastKnownFileType = sourcecode.swift; path = "String+Extensions.swift"; sourceTree = "<group>"; };
		A3760D0121A27491002084D4 /* Bundle+Extensions.swift */ = {isa = PBXFileReference; lastKnownFileType = sourcecode.swift; path = "Bundle+Extensions.swift"; sourceTree = "<group>"; };
		A3760D0221A27491002084D4 /* Numbers+Extensions.swift */ = {isa = PBXFileReference; lastKnownFileType = sourcecode.swift; path = "Numbers+Extensions.swift"; sourceTree = "<group>"; };
		A3760D0321A27491002084D4 /* CoreAssembly.swift */ = {isa = PBXFileReference; lastKnownFileType = sourcecode.swift; path = CoreAssembly.swift; sourceTree = "<group>"; };
		A3760D0721A27491002084D4 /* RxMappers.swift */ = {isa = PBXFileReference; lastKnownFileType = sourcecode.swift; path = RxMappers.swift; sourceTree = "<group>"; };
		A3760D0821A27491002084D4 /* Rx+RetryExtensions.swift */ = {isa = PBXFileReference; lastKnownFileType = sourcecode.swift; path = "Rx+RetryExtensions.swift"; sourceTree = "<group>"; };
		A3760D0921A27491002084D4 /* RxCreators.swift */ = {isa = PBXFileReference; lastKnownFileType = sourcecode.swift; path = RxCreators.swift; sourceTree = "<group>"; };
		A3760D0A21A27491002084D4 /* Schedulers.swift */ = {isa = PBXFileReference; lastKnownFileType = sourcecode.swift; path = Schedulers.swift; sourceTree = "<group>"; };
/* End PBXFileReference section */

/* Begin PBXGroup section */
		68B696A2DE849D6A36EF3730 = {
			isa = PBXGroup;
			children = (
				A3760CF121A03C90002084D4 /* RichHarvest.Core.Core.podspec */,
				A3C9CDBC2188937100EF5FD7 /* Sources */,
			);
			sourceTree = "<group>";
		};
		A3760CF221A27491002084D4 /* App */ = {
			isa = PBXGroup;
			children = (
				A3760CF321A27491002084D4 /* AppState.swift */,
				A3760CF421A27491002084D4 /* AppConfig.swift */,
			);
			path = App;
			sourceTree = "<group>";
		};
		A3760CF521A27491002084D4 /* Errors */ = {
			isa = PBXGroup;
			children = (
				A3760CF621A27491002084D4 /* Errors.swift */,
			);
			path = Errors;
			sourceTree = "<group>";
		};
		A3760CF721A27491002084D4 /* Collections */ = {
			isa = PBXGroup;
			children = (
				A3760CF821A27491002084D4 /* CollectionsSumming.swift */,
				A3760CF921A27491002084D4 /* CollectionsMapping.swift */,
			);
			path = Collections;
			sourceTree = "<group>";
		};
		A3760CFA21A27491002084D4 /* Logging */ = {
			isa = PBXGroup;
			children = (
				A3760CFB21A27491002084D4 /* Log.swift */,
			);
			path = Logging;
			sourceTree = "<group>";
		};
		A3760CFC21A27491002084D4 /* Utils */ = {
			isa = PBXGroup;
			children = (
				A3760CFE21A27491002084D4 /* Nullability.swift */,
				A3760CFF21A27491002084D4 /* String+Extensions.swift */,
				A3760D0121A27491002084D4 /* Bundle+Extensions.swift */,
				A3760D0221A27491002084D4 /* Numbers+Extensions.swift */,
			);
			path = Utils;
			sourceTree = "<group>";
		};
		A3760D0621A27491002084D4 /* Rx */ = {
			isa = PBXGroup;
			children = (
				A3760D0721A27491002084D4 /* RxMappers.swift */,
				A3760D0821A27491002084D4 /* Rx+RetryExtensions.swift */,
				A3760D0921A27491002084D4 /* RxCreators.swift */,
				A3760D0A21A27491002084D4 /* Schedulers.swift */,
			);
			path = Rx;
			sourceTree = "<group>";
		};
		A3C9CDBC2188937100EF5FD7 /* Sources */ = {
			isa = PBXGroup;
			children = (
				A3C9CDBD2188937100EF5FD7 /* Classes */,
				A3C9CDC32188937100EF5FD7 /* Assets */,
			);
			path = Sources;
			sourceTree = "<group>";
		};
		A3C9CDBD2188937100EF5FD7 /* Classes */ = {
			isa = PBXGroup;
			children = (
				A3760CF221A27491002084D4 /* App */,
				A3760CF721A27491002084D4 /* Collections */,
				A3760D0321A27491002084D4 /* CoreAssembly.swift */,
				A3760CF521A27491002084D4 /* Errors */,
				A3760CFA21A27491002084D4 /* Logging */,
				A3760D0621A27491002084D4 /* Rx */,
				A3760CFC21A27491002084D4 /* Utils */,
				68B694397B75116B37FB172F /* UserDefaults.swift */,
			);
			path = Classes;
			sourceTree = "<group>";
		};
		A3C9CDC32188937100EF5FD7 /* Assets */ = {
			isa = PBXGroup;
			children = (
			);
			path = Assets;
			sourceTree = "<group>";
		};
/* End PBXGroup section */

/* Begin PBXProject section */
		68B698E588973B02CA8FB7BF /* Project object */ = {
			isa = PBXProject;
			attributes = {
				LastUpgradeCheck = 1000;
			};
			buildConfigurationList = 68B69E74F513D89BD93D3084 /* Build configuration list for PBXProject "RichHarvest.Core.Core" */;
			compatibilityVersion = "Xcode 3.2";
			developmentRegion = English;
			hasScannedForEncodings = 0;
			knownRegions = (
				en,
			);
			mainGroup = 68B696A2DE849D6A36EF3730;
			productRefGroup = 68B696A2DE849D6A36EF3730;
			projectDirPath = "";
			projectRoot = "";
			targets = (
			);
		};
/* End PBXProject section */

/* Begin XCBuildConfiguration section */
		68B6964418BE958C1A005E83 /* Release */ = {
			isa = XCBuildConfiguration;
			buildSettings = {
				CLANG_WARN_BLOCK_CAPTURE_AUTORELEASING = YES;
				CLANG_WARN_BOOL_CONVERSION = YES;
				CLANG_WARN_COMMA = YES;
				CLANG_WARN_CONSTANT_CONVERSION = YES;
				CLANG_WARN_DEPRECATED_OBJC_IMPLEMENTATIONS = YES;
				CLANG_WARN_EMPTY_BODY = YES;
				CLANG_WARN_ENUM_CONVERSION = YES;
				CLANG_WARN_INFINITE_RECURSION = YES;
				CLANG_WARN_INT_CONVERSION = YES;
				CLANG_WARN_NON_LITERAL_NULL_CONVERSION = YES;
				CLANG_WARN_OBJC_IMPLICIT_RETAIN_SELF = YES;
				CLANG_WARN_OBJC_LITERAL_CONVERSION = YES;
				CLANG_WARN_RANGE_LOOP_ANALYSIS = YES;
				CLANG_WARN_STRICT_PROTOTYPES = YES;
				CLANG_WARN_SUSPICIOUS_MOVE = YES;
				CLANG_WARN_UNREACHABLE_CODE = YES;
				CLANG_WARN__DUPLICATE_METHOD_MATCH = YES;
				ENABLE_STRICT_OBJC_MSGSEND = YES;
				GCC_NO_COMMON_BLOCKS = YES;
				GCC_WARN_64_TO_32_BIT_CONVERSION = YES;
				GCC_WARN_ABOUT_RETURN_TYPE = YES;
				GCC_WARN_UNDECLARED_SELECTOR = YES;
				GCC_WARN_UNINITIALIZED_AUTOS = YES;
				GCC_WARN_UNUSED_FUNCTION = YES;
				GCC_WARN_UNUSED_VARIABLE = YES;
			};
			name = Release;
		};
		68B69C4C8C3EA0F9C940D5A1 /* Debug */ = {
			isa = XCBuildConfiguration;
			buildSettings = {
				CLANG_WARN_BLOCK_CAPTURE_AUTORELEASING = YES;
				CLANG_WARN_BOOL_CONVERSION = YES;
				CLANG_WARN_COMMA = YES;
				CLANG_WARN_CONSTANT_CONVERSION = YES;
				CLANG_WARN_DEPRECATED_OBJC_IMPLEMENTATIONS = YES;
				CLANG_WARN_EMPTY_BODY = YES;
				CLANG_WARN_ENUM_CONVERSION = YES;
				CLANG_WARN_INFINITE_RECURSION = YES;
				CLANG_WARN_INT_CONVERSION = YES;
				CLANG_WARN_NON_LITERAL_NULL_CONVERSION = YES;
				CLANG_WARN_OBJC_IMPLICIT_RETAIN_SELF = YES;
				CLANG_WARN_OBJC_LITERAL_CONVERSION = YES;
				CLANG_WARN_RANGE_LOOP_ANALYSIS = YES;
				CLANG_WARN_STRICT_PROTOTYPES = YES;
				CLANG_WARN_SUSPICIOUS_MOVE = YES;
				CLANG_WARN_UNREACHABLE_CODE = YES;
				CLANG_WARN__DUPLICATE_METHOD_MATCH = YES;
				ENABLE_STRICT_OBJC_MSGSEND = YES;
				ENABLE_TESTABILITY = YES;
				GCC_NO_COMMON_BLOCKS = YES;
				GCC_WARN_64_TO_32_BIT_CONVERSION = YES;
				GCC_WARN_ABOUT_RETURN_TYPE = YES;
				GCC_WARN_UNDECLARED_SELECTOR = YES;
				GCC_WARN_UNINITIALIZED_AUTOS = YES;
				GCC_WARN_UNUSED_FUNCTION = YES;
				GCC_WARN_UNUSED_VARIABLE = YES;
				ONLY_ACTIVE_ARCH = YES;
			};
			name = Debug;
		};
/* End XCBuildConfiguration section */

/* Begin XCConfigurationList section */
		68B69E74F513D89BD93D3084 /* Build configuration list for PBXProject "RichHarvest.Core.Core" */ = {
			isa = XCConfigurationList;
			buildConfigurations = (
				68B69C4C8C3EA0F9C940D5A1 /* Debug */,
				68B6964418BE958C1A005E83 /* Release */,
			);
			defaultConfigurationIsVisible = 0;
			defaultConfigurationName = Release;
		};
/* End XCConfigurationList section */
	};
	rootObject = 68B698E588973B02CA8FB7BF /* Project object */;
}
